
Microsoft Visual Studio Solution File, Format Version 12.00
# Visual Studio 15
VisualStudioVersion = 15.0.28010.2050
MinimumVisualStudioVersion = 10.0.40219.1
Project("{9A19103F-16F7-4668-BE54-9A1E7A4F7556}") = "WeatherApp.Web", "WeatherApp.Web\WeatherApp.Web.csproj", "{2A3C70C3-5741-4FA7-8888-42DC2D989794}"
EndProject
Project("{9A19103F-16F7-4668-BE54-9A1E7A4F7556}") = "WeatherApp.Models", "WeatherApp.Models\WeatherApp.Models.csproj", "{63AE042D-CF68-4412-8700-542B4ED66913}"
EndProject
Project("{9A19103F-16F7-4668-BE54-9A1E7A4F7556}") = "WeatherApp.DataAccessLayer", "WeatherApp.DataAccessLayer\WeatherApp.DataAccessLayer.csproj", "{82CAAB12-302B-4916-8B90-3EAF44EEBBC7}"
EndProject
Project("{9A19103F-16F7-4668-BE54-9A1E7A4F7556}") = "WeatherApp.Dtos", "WeatherApp.Dtos\WeatherApp.Dtos.csproj", "{BD90451E-8BC4-47C6-9123-4193E81E3670}"
EndProject
Project("{FAE04EC0-301F-11D3-BF4B-00C04F79EFBC}") = "WeatherApp.ServiceLayer", "WeatherApp.ServiceLayer\WeatherApp.ServiceLayer.csproj", "{5959EFDA-F08A-4F04-855B-7A8ADA3D55E5}"
EndProject
Global
	GlobalSection(SolutionConfigurationPlatforms) = preSolution
		Debug|Any CPU = Debug|Any CPU
		Release|Any CPU = Release|Any CPU
	EndGlobalSection
	GlobalSection(ProjectConfigurationPlatforms) = postSolution
		{2A3C70C3-5741-4FA7-8888-42DC2D989794}.Debug|Any CPU.ActiveCfg = Debug|Any CPU
		{2A3C70C3-5741-4FA7-8888-42DC2D989794}.Debug|Any CPU.Build.0 = Debug|Any CPU
		{2A3C70C3-5741-4FA7-8888-42DC2D989794}.Release|Any CPU.ActiveCfg = Release|Any CPU
		{2A3C70C3-5741-4FA7-8888-42DC2D989794}.Release|Any CPU.Build.0 = Release|Any CPU
		{63AE042D-CF68-4412-8700-542B4ED66913}.Debug|Any CPU.ActiveCfg = Debug|Any CPU
		{63AE042D-CF68-4412-8700-542B4ED66913}.Debug|Any CPU.Build.0 = Debug|Any CPU
		{63AE042D-CF68-4412-8700-542B4ED66913}.Release|Any CPU.ActiveCfg = Release|Any CPU
		{63AE042D-CF68-4412-8700-542B4ED66913}.Release|Any CPU.Build.0 = Release|Any CPU
		{82CAAB12-302B-4916-8B90-3EAF44EEBBC7}.Debug|Any CPU.ActiveCfg = Debug|Any CPU
		{82CAAB12-302B-4916-8B90-3EAF44EEBBC7}.Debug|Any CPU.Build.0 = Debug|Any CPU
		{82CAAB12-302B-4916-8B90-3EAF44EEBBC7}.Release|Any CPU.ActiveCfg = Release|Any CPU
		{82CAAB12-302B-4916-8B90-3EAF44EEBBC7}.Release|Any CPU.Build.0 = Release|Any CPU
		{BD90451E-8BC4-47C6-9123-4193E81E3670}.Debug|Any CPU.ActiveCfg = Debug|Any CPU
		{BD90451E-8BC4-47C6-9123-4193E81E3670}.Debug|Any CPU.Build.0 = Debug|Any CPU
		{BD90451E-8BC4-47C6-9123-4193E81E3670}.Release|Any CPU.ActiveCfg = Release|Any CPU
		{BD90451E-8BC4-47C6-9123-4193E81E3670}.Release|Any CPU.Build.0 = Release|Any CPU
		{5959EFDA-F08A-4F04-855B-7A8ADA3D55E5}.Debug|Any CPU.ActiveCfg = Debug|Any CPU
		{5959EFDA-F08A-4F04-855B-7A8ADA3D55E5}.Debug|Any CPU.Build.0 = Debug|Any CPU
		{5959EFDA-F08A-4F04-855B-7A8ADA3D55E5}.Release|Any CPU.ActiveCfg = Release|Any CPU
		{5959EFDA-F08A-4F04-855B-7A8ADA3D55E5}.Release|Any CPU.Build.0 = Release|Any CPU
	EndGlobalSection
	GlobalSection(SolutionProperties) = preSolution
		HideSolutionNode = FALSE
	EndGlobalSection
	GlobalSection(ExtensibilityGlobals) = postSolution
		SolutionGuid = {4A87CEC6-E0A0-4AEC-8E5A-C34520445FB2}
	EndGlobalSection
EndGlobal
